
Microsoft Visual Studio Solution File, Format Version 12.00
# Visual Studio Version 16
VisualStudioVersion = 16.0.30717.126
MinimumVisualStudioVersion = 10.0.40219.1
Project("{9A19103F-16F7-4668-BE54-9A1E7A4F7556}") = "MISA.DEMO.API", "MISA.DEMO.API\MISA.DEMO.API.csproj", "{1754E1EA-AEE4-4826-B8A1-02259C439B84}"
EndProject
Project("{9A19103F-16F7-4668-BE54-9A1E7A4F7556}") = "MISA.Service", "MISA.Service\MISA.Service.csproj", "{985FC409-72EB-407B-992C-0A95C9C344C2}"
EndProject
Project("{9A19103F-16F7-4668-BE54-9A1E7A4F7556}") = "MISA.DataLayer", "MISA.DataLayer\MISA.DataLayer.csproj", "{4F16F262-D62A-4CD2-8188-98058B0BF16F}"
EndProject
Project("{FAE04EC0-301F-11D3-BF4B-00C04F79EFBC}") = "MISA.Common", "MISA.Common\MISA.Common.csproj", "{DC9F32A6-BA81-408D-83F4-C20FFE43FC61}"
EndProject
Global
	GlobalSection(SolutionConfigurationPlatforms) = preSolution
		Debug|Any CPU = Debug|Any CPU
		Release|Any CPU = Release|Any CPU
	EndGlobalSection
	GlobalSection(ProjectConfigurationPlatforms) = postSolution
		{1754E1EA-AEE4-4826-B8A1-02259C439B84}.Debug|Any CPU.ActiveCfg = Debug|Any CPU
		{1754E1EA-AEE4-4826-B8A1-02259C439B84}.Debug|Any CPU.Build.0 = Debug|Any CPU
		{1754E1EA-AEE4-4826-B8A1-02259C439B84}.Release|Any CPU.ActiveCfg = Release|Any CPU
		{1754E1EA-AEE4-4826-B8A1-02259C439B84}.Release|Any CPU.Build.0 = Release|Any CPU
		{985FC409-72EB-407B-992C-0A95C9C344C2}.Debug|Any CPU.ActiveCfg = Debug|Any CPU
		{985FC409-72EB-407B-992C-0A95C9C344C2}.Debug|Any CPU.Build.0 = Debug|Any CPU
		{985FC409-72EB-407B-992C-0A95C9C344C2}.Release|Any CPU.ActiveCfg = Release|Any CPU
		{985FC409-72EB-407B-992C-0A95C9C344C2}.Release|Any CPU.Build.0 = Release|Any CPU
		{4F16F262-D62A-4CD2-8188-98058B0BF16F}.Debug|Any CPU.ActiveCfg = Debug|Any CPU
		{4F16F262-D62A-4CD2-8188-98058B0BF16F}.Debug|Any CPU.Build.0 = Debug|Any CPU
		{4F16F262-D62A-4CD2-8188-98058B0BF16F}.Release|Any CPU.ActiveCfg = Release|Any CPU
		{4F16F262-D62A-4CD2-8188-98058B0BF16F}.Release|Any CPU.Build.0 = Release|Any CPU
		{DC9F32A6-BA81-408D-83F4-C20FFE43FC61}.Debug|Any CPU.ActiveCfg = Debug|Any CPU
		{DC9F32A6-BA81-408D-83F4-C20FFE43FC61}.Debug|Any CPU.Build.0 = Debug|Any CPU
		{DC9F32A6-BA81-408D-83F4-C20FFE43FC61}.Release|Any CPU.ActiveCfg = Release|Any CPU
		{DC9F32A6-BA81-408D-83F4-C20FFE43FC61}.Release|Any CPU.Build.0 = Release|Any CPU
	EndGlobalSection
	GlobalSection(SolutionProperties) = preSolution
		HideSolutionNode = FALSE
	EndGlobalSection
	GlobalSection(ExtensibilityGlobals) = postSolution
		SolutionGuid = {A469B0D1-0ACE-43DA-9FB8-061555FC42F4}
	EndGlobalSection
EndGlobal
